// !$*UTF8*$!
{
	archiveVersion = 1;
	classes = {
	};
	objectVersion = 55;
	objects = {

/* Begin PBXBuildFile section */
		490CD43C280783F9000DDAC2 /* ListingUseCaseTests.swift in Sources */ = {isa = PBXBuildFile; fileRef = 490CD43A280783F9000DDAC2 /* ListingUseCaseTests.swift */; };
		490CD43D280783F9000DDAC2 /* ListingViewModelTests.swift in Sources */ = {isa = PBXBuildFile; fileRef = 490CD43B280783F9000DDAC2 /* ListingViewModelTests.swift */; };
		490CD44228078422000DDAC2 /* NetworkServiceMock.swift in Sources */ = {isa = PBXBuildFile; fileRef = 490CD43F28078422000DDAC2 /* NetworkServiceMock.swift */; };
		490CD44328078422000DDAC2 /* ListingUseCaseMock.swift in Sources */ = {isa = PBXBuildFile; fileRef = 490CD44028078422000DDAC2 /* ListingUseCaseMock.swift */; };
		490CD44428078422000DDAC2 /* ListingNavigatorMock.swift in Sources */ = {isa = PBXBuildFile; fileRef = 490CD44128078422000DDAC2 /* ListingNavigatorMock.swift */; };
		490CD447280784C7000DDAC2 /* Repositories.json in Resources */ = {isa = PBXBuildFile; fileRef = 490CD446280784C7000DDAC2 /* Repositories.json */; };
		490CD44A28081D7A000DDAC2 /* ListingError.storyboard in Resources */ = {isa = PBXBuildFile; fileRef = 490CD44928081D7A000DDAC2 /* ListingError.storyboard */; };
		490CD44E280822E0000DDAC2 /* ListingErrorViewController.swift in Sources */ = {isa = PBXBuildFile; fileRef = 490CD44D280822E0000DDAC2 /* ListingErrorViewController.swift */; };
		4929C90C28085CBD00D17161 /* Lottie in Frameworks */ = {isa = PBXBuildFile; productRef = 4929C90B28085CBD00D17161 /* Lottie */; };
		4929C90F2808637900D17161 /* retryAnimation.json in Resources */ = {isa = PBXBuildFile; fileRef = 4929C90E2808637900D17161 /* retryAnimation.json */; };
		49C39695280703FD000B891D /* Assets.xcassets in Resources */ = {isa = PBXBuildFile; fileRef = 49C39694280703FD000B891D /* Assets.xcassets */; };
		49C39698280703FD000B891D /* LaunchScreen.storyboard in Resources */ = {isa = PBXBuildFile; fileRef = 49C39696280703FD000B891D /* LaunchScreen.storyboard */; };
		49C396AD280703FD000B891D /* MobileChallengeSPUITests.swift in Sources */ = {isa = PBXBuildFile; fileRef = 49C396AC280703FD000B891D /* MobileChallengeSPUITests.swift */; };
		49C396AF280703FD000B891D /* MobileChallengeSPUITestsLaunchTests.swift in Sources */ = {isa = PBXBuildFile; fileRef = 49C396AE280703FD000B891D /* MobileChallengeSPUITestsLaunchTests.swift */; };
		49C396C2280704A9000B891D /* AppDelegate.swift in Sources */ = {isa = PBXBuildFile; fileRef = 49C396BE280704A9000B891D /* AppDelegate.swift */; };
		49C396C3280704A9000B891D /* AppServiceLocator.swift in Sources */ = {isa = PBXBuildFile; fileRef = 49C396BF280704A9000B891D /* AppServiceLocator.swift */; };
		49C396C4280704A9000B891D /* AppCoordinator.swift in Sources */ = {isa = PBXBuildFile; fileRef = 49C396C0280704A9000B891D /* AppCoordinator.swift */; };
		49C396C5280704A9000B891D /* SceneDelegate.swift in Sources */ = {isa = PBXBuildFile; fileRef = 49C396C1280704A9000B891D /* SceneDelegate.swift */; };
		49C396CC28070623000B891D /* BaseCoordinator.swift in Sources */ = {isa = PBXBuildFile; fileRef = 49C396CA28070622000B891D /* BaseCoordinator.swift */; };
		49C396CD28070623000B891D /* Coordinator.swift in Sources */ = {isa = PBXBuildFile; fileRef = 49C396CB28070622000B891D /* Coordinator.swift */; };
		49C396D028070652000B891D /* Run.swift in Sources */ = {isa = PBXBuildFile; fileRef = 49C396CF28070652000B891D /* Run.swift */; };
		49C396DC280706E9000B891D /* UIFont+Extension.swift in Sources */ = {isa = PBXBuildFile; fileRef = 49C396D3280706E9000B891D /* UIFont+Extension.swift */; };
		49C396DD280706E9000B891D /* UIColor+Extension.swift in Sources */ = {isa = PBXBuildFile; fileRef = 49C396D4280706E9000B891D /* UIColor+Extension.swift */; };
		49C396E0280706E9000B891D /* UIStoryboard+Extension.swift in Sources */ = {isa = PBXBuildFile; fileRef = 49C396D7280706E9000B891D /* UIStoryboard+Extension.swift */; };
		49C396E1280706E9000B891D /* Int.swift in Sources */ = {isa = PBXBuildFile; fileRef = 49C396D8280706E9000B891D /* Int.swift */; };
		49C396E2280706E9000B891D /* UITableViewCell.swift in Sources */ = {isa = PBXBuildFile; fileRef = 49C396D9280706E9000B891D /* UITableViewCell.swift */; };
		49C396E3280706E9000B891D /* UIImageView.swift in Sources */ = {isa = PBXBuildFile; fileRef = 49C396DA280706E9000B891D /* UIImageView.swift */; };
		49C396E4280706E9000B891D /* UITableView+Extension.swift in Sources */ = {isa = PBXBuildFile; fileRef = 49C396DB280706E9000B891D /* UITableView+Extension.swift */; };
		49C396E72807073E000B891D /* AppNavigationController.swift in Sources */ = {isa = PBXBuildFile; fileRef = 49C396E62807073E000B891D /* AppNavigationController.swift */; };
		49C396EA280707A4000B891D /* APIConstants.swift in Sources */ = {isa = PBXBuildFile; fileRef = 49C396E9280707A4000B891D /* APIConstants.swift */; };
		49C396FF2807084D000B891D /* ListingViewModel.swift in Sources */ = {isa = PBXBuildFile; fileRef = 49C396F42807084D000B891D /* ListingViewModel.swift */; };
		49C397002807084D000B891D /* ListingRowViewModel.swift in Sources */ = {isa = PBXBuildFile; fileRef = 49C396F62807084D000B891D /* ListingRowViewModel.swift */; };
		49C397012807084D000B891D /* ListingTableViewCell.swift in Sources */ = {isa = PBXBuildFile; fileRef = 49C396F72807084D000B891D /* ListingTableViewCell.swift */; };
		49C397022807084D000B891D /* ListingViewModelDelegate.swift in Sources */ = {isa = PBXBuildFile; fileRef = 49C396F82807084D000B891D /* ListingViewModelDelegate.swift */; };
		49C397032807084D000B891D /* ListingCoordinator.swift in Sources */ = {isa = PBXBuildFile; fileRef = 49C396F92807084D000B891D /* ListingCoordinator.swift */; };
		49C397042807084D000B891D /* Listing.storyboard in Resources */ = {isa = PBXBuildFile; fileRef = 49C396FA2807084D000B891D /* Listing.storyboard */; };
		49C397092807191B000B891D /* NetworkServiceProtocol.swift in Sources */ = {isa = PBXBuildFile; fileRef = 49C397072807191B000B891D /* NetworkServiceProtocol.swift */; };
		49C3970A2807191B000B891D /* NetworkService.swift in Sources */ = {isa = PBXBuildFile; fileRef = 49C397082807191B000B891D /* NetworkService.swift */; };
		49C3971628071979000B891D /* NetworkListingUseCase.swift in Sources */ = {isa = PBXBuildFile; fileRef = 49C3970E28071979000B891D /* NetworkListingUseCase.swift */; };
		49C3971728071979000B891D /* NetworkError.swift in Sources */ = {isa = PBXBuildFile; fileRef = 49C3970F28071979000B891D /* NetworkError.swift */; };
		49C3971828071979000B891D /* ListingUseCase.swift in Sources */ = {isa = PBXBuildFile; fileRef = 49C3971128071979000B891D /* ListingUseCase.swift */; };
		49C3971A28071979000B891D /* ListingViewControllersFactory.swift in Sources */ = {isa = PBXBuildFile; fileRef = 49C3971528071979000B891D /* ListingViewControllersFactory.swift */; };
		49C3971C280719DA000B891D /* Repository.swift in Sources */ = {isa = PBXBuildFile; fileRef = 49C3971B280719DA000B891D /* Repository.swift */; };
		49C3971F28071DFD000B891D /* SDWebImage in Frameworks */ = {isa = PBXBuildFile; productRef = 49C3971E28071DFD000B891D /* SDWebImage */; };
		49C3972228076B7B000B891D /* SkeletonView in Frameworks */ = {isa = PBXBuildFile; productRef = 49C3972128076B7B000B891D /* SkeletonView */; };
		49C3972428076DB5000B891D /* ListingViewController.swift in Sources */ = {isa = PBXBuildFile; fileRef = 49C3972328076DB5000B891D /* ListingViewController.swift */; };
/* End PBXBuildFile section */

/* Begin PBXContainerItemProxy section */
		49C3969F280703FD000B891D /* PBXContainerItemProxy */ = {
			isa = PBXContainerItemProxy;
			containerPortal = 49C39680280703FD000B891D /* Project object */;
			proxyType = 1;
			remoteGlobalIDString = 49C39687280703FD000B891D;
			remoteInfo = MobileChallengeSP;
		};
		49C396A9280703FD000B891D /* PBXContainerItemProxy */ = {
			isa = PBXContainerItemProxy;
			containerPortal = 49C39680280703FD000B891D /* Project object */;
			proxyType = 1;
			remoteGlobalIDString = 49C39687280703FD000B891D;
			remoteInfo = MobileChallengeSP;
		};
/* End PBXContainerItemProxy section */

/* Begin PBXFileReference section */
		490CD43A280783F9000DDAC2 /* ListingUseCaseTests.swift */ = {isa = PBXFileReference; fileEncoding = 4; lastKnownFileType = sourcecode.swift; path = ListingUseCaseTests.swift; sourceTree = "<group>"; };
		490CD43B280783F9000DDAC2 /* ListingViewModelTests.swift */ = {isa = PBXFileReference; fileEncoding = 4; lastKnownFileType = sourcecode.swift; path = ListingViewModelTests.swift; sourceTree = "<group>"; };
		490CD43F28078422000DDAC2 /* NetworkServiceMock.swift */ = {isa = PBXFileReference; fileEncoding = 4; lastKnownFileType = sourcecode.swift; path = NetworkServiceMock.swift; sourceTree = "<group>"; };
		490CD44028078422000DDAC2 /* ListingUseCaseMock.swift */ = {isa = PBXFileReference; fileEncoding = 4; lastKnownFileType = sourcecode.swift; path = ListingUseCaseMock.swift; sourceTree = "<group>"; };
		490CD44128078422000DDAC2 /* ListingNavigatorMock.swift */ = {isa = PBXFileReference; fileEncoding = 4; lastKnownFileType = sourcecode.swift; path = ListingNavigatorMock.swift; sourceTree = "<group>"; };
		490CD446280784C7000DDAC2 /* Repositories.json */ = {isa = PBXFileReference; fileEncoding = 4; lastKnownFileType = text.json; path = Repositories.json; sourceTree = "<group>"; };
		490CD44928081D7A000DDAC2 /* ListingError.storyboard */ = {isa = PBXFileReference; lastKnownFileType = file.storyboard; path = ListingError.storyboard; sourceTree = "<group>"; };
		490CD44D280822E0000DDAC2 /* ListingErrorViewController.swift */ = {isa = PBXFileReference; lastKnownFileType = sourcecode.swift; path = ListingErrorViewController.swift; sourceTree = "<group>"; };
		4929C90E2808637900D17161 /* retryAnimation.json */ = {isa = PBXFileReference; fileEncoding = 4; lastKnownFileType = text.json; path = retryAnimation.json; sourceTree = "<group>"; };
		49C39688280703FD000B891D /* MobileChallengeSP.app */ = {isa = PBXFileReference; explicitFileType = wrapper.application; includeInIndex = 0; path = MobileChallengeSP.app; sourceTree = BUILT_PRODUCTS_DIR; };
		49C39694280703FD000B891D /* Assets.xcassets */ = {isa = PBXFileReference; lastKnownFileType = folder.assetcatalog; path = Assets.xcassets; sourceTree = "<group>"; };
		49C39697280703FD000B891D /* Base */ = {isa = PBXFileReference; lastKnownFileType = file.storyboard; name = Base; path = Base.lproj/LaunchScreen.storyboard; sourceTree = "<group>"; };
		49C39699280703FD000B891D /* Info.plist */ = {isa = PBXFileReference; lastKnownFileType = text.plist.xml; path = Info.plist; sourceTree = "<group>"; };
		49C3969E280703FD000B891D /* MobileChallengeSPTests.xctest */ = {isa = PBXFileReference; explicitFileType = wrapper.cfbundle; includeInIndex = 0; path = MobileChallengeSPTests.xctest; sourceTree = BUILT_PRODUCTS_DIR; };
		49C396A8280703FD000B891D /* MobileChallengeSPUITests.xctest */ = {isa = PBXFileReference; explicitFileType = wrapper.cfbundle; includeInIndex = 0; path = MobileChallengeSPUITests.xctest; sourceTree = BUILT_PRODUCTS_DIR; };
		49C396AC280703FD000B891D /* MobileChallengeSPUITests.swift */ = {isa = PBXFileReference; lastKnownFileType = sourcecode.swift; path = MobileChallengeSPUITests.swift; sourceTree = "<group>"; };
		49C396AE280703FD000B891D /* MobileChallengeSPUITestsLaunchTests.swift */ = {isa = PBXFileReference; lastKnownFileType = sourcecode.swift; path = MobileChallengeSPUITestsLaunchTests.swift; sourceTree = "<group>"; };
		49C396BE280704A9000B891D /* AppDelegate.swift */ = {isa = PBXFileReference; fileEncoding = 4; lastKnownFileType = sourcecode.swift; path = AppDelegate.swift; sourceTree = "<group>"; };
		49C396BF280704A9000B891D /* AppServiceLocator.swift */ = {isa = PBXFileReference; fileEncoding = 4; lastKnownFileType = sourcecode.swift; path = AppServiceLocator.swift; sourceTree = "<group>"; };
		49C396C0280704A9000B891D /* AppCoordinator.swift */ = {isa = PBXFileReference; fileEncoding = 4; lastKnownFileType = sourcecode.swift; path = AppCoordinator.swift; sourceTree = "<group>"; };
		49C396C1280704A9000B891D /* SceneDelegate.swift */ = {isa = PBXFileReference; fileEncoding = 4; lastKnownFileType = sourcecode.swift; path = SceneDelegate.swift; sourceTree = "<group>"; };
		49C396CA28070622000B891D /* BaseCoordinator.swift */ = {isa = PBXFileReference; fileEncoding = 4; lastKnownFileType = sourcecode.swift; path = BaseCoordinator.swift; sourceTree = "<group>"; };
		49C396CB28070622000B891D /* Coordinator.swift */ = {isa = PBXFileReference; fileEncoding = 4; lastKnownFileType = sourcecode.swift; path = Coordinator.swift; sourceTree = "<group>"; };
		49C396CF28070652000B891D /* Run.swift */ = {isa = PBXFileReference; fileEncoding = 4; lastKnownFileType = sourcecode.swift; path = Run.swift; sourceTree = "<group>"; };
		49C396D3280706E9000B891D /* UIFont+Extension.swift */ = {isa = PBXFileReference; fileEncoding = 4; lastKnownFileType = sourcecode.swift; path = "UIFont+Extension.swift"; sourceTree = "<group>"; };
		49C396D4280706E9000B891D /* UIColor+Extension.swift */ = {isa = PBXFileReference; fileEncoding = 4; lastKnownFileType = sourcecode.swift; path = "UIColor+Extension.swift"; sourceTree = "<group>"; };
		49C396D7280706E9000B891D /* UIStoryboard+Extension.swift */ = {isa = PBXFileReference; fileEncoding = 4; lastKnownFileType = sourcecode.swift; path = "UIStoryboard+Extension.swift"; sourceTree = "<group>"; };
		49C396D8280706E9000B891D /* Int.swift */ = {isa = PBXFileReference; fileEncoding = 4; lastKnownFileType = sourcecode.swift; path = Int.swift; sourceTree = "<group>"; };
		49C396D9280706E9000B891D /* UITableViewCell.swift */ = {isa = PBXFileReference; fileEncoding = 4; lastKnownFileType = sourcecode.swift; path = UITableViewCell.swift; sourceTree = "<group>"; };
		49C396DA280706E9000B891D /* UIImageView.swift */ = {isa = PBXFileReference; fileEncoding = 4; lastKnownFileType = sourcecode.swift; path = UIImageView.swift; sourceTree = "<group>"; };
		49C396DB280706E9000B891D /* UITableView+Extension.swift */ = {isa = PBXFileReference; fileEncoding = 4; lastKnownFileType = sourcecode.swift; path = "UITableView+Extension.swift"; sourceTree = "<group>"; };
		49C396E62807073E000B891D /* AppNavigationController.swift */ = {isa = PBXFileReference; fileEncoding = 4; lastKnownFileType = sourcecode.swift; path = AppNavigationController.swift; sourceTree = "<group>"; };
		49C396E9280707A4000B891D /* APIConstants.swift */ = {isa = PBXFileReference; fileEncoding = 4; lastKnownFileType = sourcecode.swift; path = APIConstants.swift; sourceTree = "<group>"; };
		49C396F42807084D000B891D /* ListingViewModel.swift */ = {isa = PBXFileReference; fileEncoding = 4; lastKnownFileType = sourcecode.swift; path = ListingViewModel.swift; sourceTree = "<group>"; };
		49C396F62807084D000B891D /* ListingRowViewModel.swift */ = {isa = PBXFileReference; fileEncoding = 4; lastKnownFileType = sourcecode.swift; path = ListingRowViewModel.swift; sourceTree = "<group>"; };
		49C396F72807084D000B891D /* ListingTableViewCell.swift */ = {isa = PBXFileReference; fileEncoding = 4; lastKnownFileType = sourcecode.swift; path = ListingTableViewCell.swift; sourceTree = "<group>"; };
		49C396F82807084D000B891D /* ListingViewModelDelegate.swift */ = {isa = PBXFileReference; fileEncoding = 4; lastKnownFileType = sourcecode.swift; path = ListingViewModelDelegate.swift; sourceTree = "<group>"; };
		49C396F92807084D000B891D /* ListingCoordinator.swift */ = {isa = PBXFileReference; fileEncoding = 4; lastKnownFileType = sourcecode.swift; path = ListingCoordinator.swift; sourceTree = "<group>"; };
		49C396FA2807084D000B891D /* Listing.storyboard */ = {isa = PBXFileReference; fileEncoding = 4; lastKnownFileType = file.storyboard; path = Listing.storyboard; sourceTree = "<group>"; };
		49C397072807191B000B891D /* NetworkServiceProtocol.swift */ = {isa = PBXFileReference; fileEncoding = 4; lastKnownFileType = sourcecode.swift; path = NetworkServiceProtocol.swift; sourceTree = "<group>"; };
		49C397082807191B000B891D /* NetworkService.swift */ = {isa = PBXFileReference; fileEncoding = 4; lastKnownFileType = sourcecode.swift; path = NetworkService.swift; sourceTree = "<group>"; };
		49C3970E28071979000B891D /* NetworkListingUseCase.swift */ = {isa = PBXFileReference; fileEncoding = 4; lastKnownFileType = sourcecode.swift; path = NetworkListingUseCase.swift; sourceTree = "<group>"; };
		49C3970F28071979000B891D /* NetworkError.swift */ = {isa = PBXFileReference; fileEncoding = 4; lastKnownFileType = sourcecode.swift; path = NetworkError.swift; sourceTree = "<group>"; };
		49C3971128071979000B891D /* ListingUseCase.swift */ = {isa = PBXFileReference; fileEncoding = 4; lastKnownFileType = sourcecode.swift; path = ListingUseCase.swift; sourceTree = "<group>"; };
		49C3971528071979000B891D /* ListingViewControllersFactory.swift */ = {isa = PBXFileReference; fileEncoding = 4; lastKnownFileType = sourcecode.swift; path = ListingViewControllersFactory.swift; sourceTree = "<group>"; };
		49C3971B280719DA000B891D /* Repository.swift */ = {isa = PBXFileReference; lastKnownFileType = sourcecode.swift; path = Repository.swift; sourceTree = "<group>"; };
		49C3972328076DB5000B891D /* ListingViewController.swift */ = {isa = PBXFileReference; lastKnownFileType = sourcecode.swift; path = ListingViewController.swift; sourceTree = "<group>"; };
/* End PBXFileReference section */

/* Begin PBXFrameworksBuildPhase section */
		49C39685280703FD000B891D /* Frameworks */ = {
			isa = PBXFrameworksBuildPhase;
			buildActionMask = 2147483647;
			files = (
				49C3972228076B7B000B891D /* SkeletonView in Frameworks */,
				49C3971F28071DFD000B891D /* SDWebImage in Frameworks */,
				4929C90C28085CBD00D17161 /* Lottie in Frameworks */,
			);
			runOnlyForDeploymentPostprocessing = 0;
		};
		49C3969B280703FD000B891D /* Frameworks */ = {
			isa = PBXFrameworksBuildPhase;
			buildActionMask = 2147483647;
			files = (
			);
			runOnlyForDeploymentPostprocessing = 0;
		};
		49C396A5280703FD000B891D /* Frameworks */ = {
			isa = PBXFrameworksBuildPhase;
			buildActionMask = 2147483647;
			files = (
			);
			runOnlyForDeploymentPostprocessing = 0;
		};
/* End PBXFrameworksBuildPhase section */

/* Begin PBXGroup section */
		490CD439280783E5000DDAC2 /* UnitTests */ = {
			isa = PBXGroup;
			children = (
				490CD43A280783F9000DDAC2 /* ListingUseCaseTests.swift */,
				490CD43B280783F9000DDAC2 /* ListingViewModelTests.swift */,
			);
			path = UnitTests;
			sourceTree = "<group>";
		};
		490CD43E28078422000DDAC2 /* Mocks */ = {
			isa = PBXGroup;
			children = (
				490CD43F28078422000DDAC2 /* NetworkServiceMock.swift */,
				490CD44028078422000DDAC2 /* ListingUseCaseMock.swift */,
				490CD44128078422000DDAC2 /* ListingNavigatorMock.swift */,
			);
			path = Mocks;
			sourceTree = "<group>";
		};
		490CD445280784C7000DDAC2 /* Responses */ = {
			isa = PBXGroup;
			children = (
				490CD446280784C7000DDAC2 /* Repositories.json */,
			);
			path = Responses;
			sourceTree = "<group>";
		};
		490CD44828081D6A000DDAC2 /* ListingError */ = {
			isa = PBXGroup;
			children = (
				490CD44928081D7A000DDAC2 /* ListingError.storyboard */,
				490CD44D280822E0000DDAC2 /* ListingErrorViewController.swift */,
			);
			path = ListingError;
			sourceTree = "<group>";
		};
		4929C90D2808635500D17161 /* Resources */ = {
			isa = PBXGroup;
			children = (
				4929C90E2808637900D17161 /* retryAnimation.json */,
				49C39694280703FD000B891D /* Assets.xcassets */,
			);
			path = Resources;
			sourceTree = "<group>";
		};
		49C3967F280703FD000B891D = {
			isa = PBXGroup;
			children = (
				49C3968A280703FD000B891D /* MobileChallengeSP */,
				49C396A1280703FD000B891D /* MobileChallengeSPTests */,
				49C396AB280703FD000B891D /* MobileChallengeSPUITests */,
				49C39689280703FD000B891D /* Products */,
			);
			sourceTree = "<group>";
		};
		49C39689280703FD000B891D /* Products */ = {
			isa = PBXGroup;
			children = (
				49C39688280703FD000B891D /* MobileChallengeSP.app */,
				49C3969E280703FD000B891D /* MobileChallengeSPTests.xctest */,
				49C396A8280703FD000B891D /* MobileChallengeSPUITests.xctest */,
			);
			name = Products;
			sourceTree = "<group>";
		};
		49C3968A280703FD000B891D /* MobileChallengeSP */ = {
			isa = PBXGroup;
			children = (
				49C396BD2807048A000B891D /* AppRoot */,
				49C396E8280707A4000B891D /* Constants */,
				49C396EB2807084D000B891D /* Scenes */,
				49C396C828070602000B891D /* Common */,
				49C397062807191B000B891D /* Network */,
				49C3970B28071979000B891D /* Features */,
				4929C90D2808635500D17161 /* Resources */,
				49C39696280703FD000B891D /* LaunchScreen.storyboard */,
				49C39699280703FD000B891D /* Info.plist */,
			);
			path = MobileChallengeSP;
			sourceTree = "<group>";
		};
		49C396A1280703FD000B891D /* MobileChallengeSPTests */ = {
			isa = PBXGroup;
			children = (
				490CD439280783E5000DDAC2 /* UnitTests */,
				490CD43E28078422000DDAC2 /* Mocks */,
				490CD445280784C7000DDAC2 /* Responses */,
			);
			path = MobileChallengeSPTests;
			sourceTree = "<group>";
		};
		49C396AB280703FD000B891D /* MobileChallengeSPUITests */ = {
			isa = PBXGroup;
			children = (
				49C396AC280703FD000B891D /* MobileChallengeSPUITests.swift */,
				49C396AE280703FD000B891D /* MobileChallengeSPUITestsLaunchTests.swift */,
			);
			path = MobileChallengeSPUITests;
			sourceTree = "<group>";
		};
		49C396BD2807048A000B891D /* AppRoot */ = {
			isa = PBXGroup;
			children = (
				49C396C0280704A9000B891D /* AppCoordinator.swift */,
				49C396BE280704A9000B891D /* AppDelegate.swift */,
				49C396BF280704A9000B891D /* AppServiceLocator.swift */,
				49C396C1280704A9000B891D /* SceneDelegate.swift */,
			);
			path = AppRoot;
			sourceTree = "<group>";
		};
		49C396C828070602000B891D /* Common */ = {
			isa = PBXGroup;
			children = (
				49C396E52807073E000B891D /* Controllers */,
				49C396D2280706E9000B891D /* Extensions */,
				49C396C928070611000B891D /* Coordinator */,
				49C396CE2807064A000B891D /* Utils */,
			);
			path = Common;
			sourceTree = "<group>";
		};
		49C396C928070611000B891D /* Coordinator */ = {
			isa = PBXGroup;
			children = (
				49C396CA28070622000B891D /* BaseCoordinator.swift */,
				49C396CB28070622000B891D /* Coordinator.swift */,
			);
			path = Coordinator;
			sourceTree = "<group>";
		};
		49C396CE2807064A000B891D /* Utils */ = {
			isa = PBXGroup;
			children = (
				49C396CF28070652000B891D /* Run.swift */,
			);
			path = Utils;
			sourceTree = "<group>";
		};
		49C396D2280706E9000B891D /* Extensions */ = {
			isa = PBXGroup;
			children = (
				49C396D3280706E9000B891D /* UIFont+Extension.swift */,
				49C396D4280706E9000B891D /* UIColor+Extension.swift */,
				49C396D7280706E9000B891D /* UIStoryboard+Extension.swift */,
				49C396D8280706E9000B891D /* Int.swift */,
				49C396D9280706E9000B891D /* UITableViewCell.swift */,
				49C396DA280706E9000B891D /* UIImageView.swift */,
				49C396DB280706E9000B891D /* UITableView+Extension.swift */,
			);
			path = Extensions;
			sourceTree = "<group>";
		};
		49C396E52807073E000B891D /* Controllers */ = {
			isa = PBXGroup;
			children = (
				49C396E62807073E000B891D /* AppNavigationController.swift */,
			);
			path = Controllers;
			sourceTree = "<group>";
		};
		49C396E8280707A4000B891D /* Constants */ = {
			isa = PBXGroup;
			children = (
				49C396E9280707A4000B891D /* APIConstants.swift */,
			);
			path = Constants;
			sourceTree = "<group>";
		};
		49C396EB2807084D000B891D /* Scenes */ = {
			isa = PBXGroup;
			children = (
				490CD44828081D6A000DDAC2 /* ListingError */,
				49C396F32807084D000B891D /* Listing */,
			);
			path = Scenes;
			sourceTree = "<group>";
		};
		49C396F32807084D000B891D /* Listing */ = {
			isa = PBXGroup;
			children = (
				49C396F52807084D000B891D /* Cell */,
				49C396F42807084D000B891D /* ListingViewModel.swift */,
				49C396F82807084D000B891D /* ListingViewModelDelegate.swift */,
				49C396F92807084D000B891D /* ListingCoordinator.swift */,
				49C396FA2807084D000B891D /* Listing.storyboard */,
				49C3972328076DB5000B891D /* ListingViewController.swift */,
			);
			path = Listing;
			sourceTree = "<group>";
		};
		49C396F52807084D000B891D /* Cell */ = {
			isa = PBXGroup;
			children = (
				49C396F62807084D000B891D /* ListingRowViewModel.swift */,
				49C396F72807084D000B891D /* ListingTableViewCell.swift */,
			);
			path = Cell;
			sourceTree = "<group>";
		};
		49C397062807191B000B891D /* Network */ = {
			isa = PBXGroup;
			children = (
				49C397072807191B000B891D /* NetworkServiceProtocol.swift */,
				49C397082807191B000B891D /* NetworkService.swift */,
			);
			path = Network;
			sourceTree = "<group>";
		};
		49C3970B28071979000B891D /* Features */ = {
			isa = PBXGroup;
			children = (
				49C3970C28071979000B891D /* DataProvider */,
				49C3971428071979000B891D /* Factory */,
			);
			path = Features;
			sourceTree = "<group>";
		};
		49C3970C28071979000B891D /* DataProvider */ = {
			isa = PBXGroup;
			children = (
				49C3970D28071979000B891D /* NetworkUseCase */,
				49C3971028071979000B891D /* UseCases */,
				49C3971228071979000B891D /* Entities */,
			);
			path = DataProvider;
			sourceTree = "<group>";
		};
		49C3970D28071979000B891D /* NetworkUseCase */ = {
			isa = PBXGroup;
			children = (
				49C3970E28071979000B891D /* NetworkListingUseCase.swift */,
				49C3970F28071979000B891D /* NetworkError.swift */,
			);
			path = NetworkUseCase;
			sourceTree = "<group>";
		};
		49C3971028071979000B891D /* UseCases */ = {
			isa = PBXGroup;
			children = (
				49C3971128071979000B891D /* ListingUseCase.swift */,
			);
			path = UseCases;
			sourceTree = "<group>";
		};
		49C3971228071979000B891D /* Entities */ = {
			isa = PBXGroup;
			children = (
				49C3971B280719DA000B891D /* Repository.swift */,
			);
			path = Entities;
			sourceTree = "<group>";
		};
		49C3971428071979000B891D /* Factory */ = {
			isa = PBXGroup;
			children = (
				49C3971528071979000B891D /* ListingViewControllersFactory.swift */,
			);
			path = Factory;
			sourceTree = "<group>";
		};
/* End PBXGroup section */

/* Begin PBXNativeTarget section */
		49C39687280703FD000B891D /* MobileChallengeSP */ = {
			isa = PBXNativeTarget;
			buildConfigurationList = 49C396B2280703FD000B891D /* Build configuration list for PBXNativeTarget "MobileChallengeSP" */;
			buildPhases = (
				49C39684280703FD000B891D /* Sources */,
				49C39685280703FD000B891D /* Frameworks */,
				49C39686280703FD000B891D /* Resources */,
				4900169A28077F550014729B /* ShellScript */,
			);
			buildRules = (
			);
			dependencies = (
			);
			name = MobileChallengeSP;
			packageProductDependencies = (
				49C3971E28071DFD000B891D /* SDWebImage */,
				49C3972128076B7B000B891D /* SkeletonView */,
				4929C90B28085CBD00D17161 /* Lottie */,
			);
			productName = MobileChallengeSP;
			productReference = 49C39688280703FD000B891D /* MobileChallengeSP.app */;
			productType = "com.apple.product-type.application";
		};
		49C3969D280703FD000B891D /* MobileChallengeSPTests */ = {
			isa = PBXNativeTarget;
			buildConfigurationList = 49C396B5280703FD000B891D /* Build configuration list for PBXNativeTarget "MobileChallengeSPTests" */;
			buildPhases = (
				49C3969A280703FD000B891D /* Sources */,
				49C3969B280703FD000B891D /* Frameworks */,
				49C3969C280703FD000B891D /* Resources */,
			);
			buildRules = (
			);
			dependencies = (
				49C396A0280703FD000B891D /* PBXTargetDependency */,
			);
			name = MobileChallengeSPTests;
			productName = MobileChallengeSPTests;
			productReference = 49C3969E280703FD000B891D /* MobileChallengeSPTests.xctest */;
			productType = "com.apple.product-type.bundle.unit-test";
		};
		49C396A7280703FD000B891D /* MobileChallengeSPUITests */ = {
			isa = PBXNativeTarget;
			buildConfigurationList = 49C396B8280703FD000B891D /* Build configuration list for PBXNativeTarget "MobileChallengeSPUITests" */;
			buildPhases = (
				49C396A4280703FD000B891D /* Sources */,
				49C396A5280703FD000B891D /* Frameworks */,
				49C396A6280703FD000B891D /* Resources */,
			);
			buildRules = (
			);
			dependencies = (
				49C396AA280703FD000B891D /* PBXTargetDependency */,
			);
			name = MobileChallengeSPUITests;
			productName = MobileChallengeSPUITests;
			productReference = 49C396A8280703FD000B891D /* MobileChallengeSPUITests.xctest */;
			productType = "com.apple.product-type.bundle.ui-testing";
		};
/* End PBXNativeTarget section */

/* Begin PBXProject section */
		49C39680280703FD000B891D /* Project object */ = {
			isa = PBXProject;
			attributes = {
				BuildIndependentTargetsInParallel = 1;
				LastSwiftUpdateCheck = 1330;
				LastUpgradeCheck = 1330;
				TargetAttributes = {
					49C39687280703FD000B891D = {
						CreatedOnToolsVersion = 13.3;
					};
					49C3969D280703FD000B891D = {
						CreatedOnToolsVersion = 13.3;
						TestTargetID = 49C39687280703FD000B891D;
					};
					49C396A7280703FD000B891D = {
						CreatedOnToolsVersion = 13.3;
						TestTargetID = 49C39687280703FD000B891D;
					};
				};
			};
			buildConfigurationList = 49C39683280703FD000B891D /* Build configuration list for PBXProject "MobileChallengeSP" */;
			compatibilityVersion = "Xcode 13.0";
			developmentRegion = en;
			hasScannedForEncodings = 0;
			knownRegions = (
				en,
				Base,
			);
			mainGroup = 49C3967F280703FD000B891D;
			packageReferences = (
				49C3971D28071DFD000B891D /* XCRemoteSwiftPackageReference "SDWebImage" */,
				49C3972028076B7B000B891D /* XCRemoteSwiftPackageReference "SkeletonView" */,
				4929C90A28085CBD00D17161 /* XCRemoteSwiftPackageReference "lottie-ios" */,
			);
			productRefGroup = 49C39689280703FD000B891D /* Products */;
			projectDirPath = "";
			projectRoot = "";
			targets = (
				49C39687280703FD000B891D /* MobileChallengeSP */,
				49C3969D280703FD000B891D /* MobileChallengeSPTests */,
				49C396A7280703FD000B891D /* MobileChallengeSPUITests */,
			);
		};
/* End PBXProject section */

/* Begin PBXResourcesBuildPhase section */
		49C39686280703FD000B891D /* Resources */ = {
			isa = PBXResourcesBuildPhase;
			buildActionMask = 2147483647;
			files = (
				49C397042807084D000B891D /* Listing.storyboard in Resources */,
				49C39698280703FD000B891D /* LaunchScreen.storyboard in Resources */,
				4929C90F2808637900D17161 /* retryAnimation.json in Resources */,
				490CD44A28081D7A000DDAC2 /* ListingError.storyboard in Resources */,
				49C39695280703FD000B891D /* Assets.xcassets in Resources */,
			);
			runOnlyForDeploymentPostprocessing = 0;
		};
		49C3969C280703FD000B891D /* Resources */ = {
			isa = PBXResourcesBuildPhase;
			buildActionMask = 2147483647;
			files = (
				490CD447280784C7000DDAC2 /* Repositories.json in Resources */,
			);
			runOnlyForDeploymentPostprocessing = 0;
		};
		49C396A6280703FD000B891D /* Resources */ = {
			isa = PBXResourcesBuildPhase;
			buildActionMask = 2147483647;
			files = (
			);
			runOnlyForDeploymentPostprocessing = 0;
		};
/* End PBXResourcesBuildPhase section */

/* Begin PBXShellScriptBuildPhase section */
		4900169A28077F550014729B /* ShellScript */ = {
			isa = PBXShellScriptBuildPhase;
			buildActionMask = 2147483647;
			files = (
			);
			inputFileListPaths = (
			);
			inputPaths = (
			);
			outputFileListPaths = (
			);
			outputPaths = (
			);
			runOnlyForDeploymentPostprocessing = 0;
			shellPath = /bin/sh;
			shellScript = "if test -d \"/opt/homebrew/bin/\"; then\n  PATH=\"/opt/homebrew/bin/:${PATH}\"\nfi\nif which swiftlint >/dev/null; then\n  swiftlint\nelse\n  echo \"warning: SwiftLint not installed, download from https://github.com/realm/SwiftLint\"\nfi\n";
		};
/* End PBXShellScriptBuildPhase section */

/* Begin PBXSourcesBuildPhase section */
		49C39684280703FD000B891D /* Sources */ = {
			isa = PBXSourcesBuildPhase;
			buildActionMask = 2147483647;
			files = (
				49C3971828071979000B891D /* ListingUseCase.swift in Sources */,
				49C3971728071979000B891D /* NetworkError.swift in Sources */,
				49C396E2280706E9000B891D /* UITableViewCell.swift in Sources */,
				490CD44E280822E0000DDAC2 /* ListingErrorViewController.swift in Sources */,
				49C3971C280719DA000B891D /* Repository.swift in Sources */,
				49C397022807084D000B891D /* ListingViewModelDelegate.swift in Sources */,
				49C396C4280704A9000B891D /* AppCoordinator.swift in Sources */,
				49C396D028070652000B891D /* Run.swift in Sources */,
				49C396E1280706E9000B891D /* Int.swift in Sources */,
				49C3971628071979000B891D /* NetworkListingUseCase.swift in Sources */,
				49C396EA280707A4000B891D /* APIConstants.swift in Sources */,
				49C396CC28070623000B891D /* BaseCoordinator.swift in Sources */,
				49C396E4280706E9000B891D /* UITableView+Extension.swift in Sources */,
				49C396C5280704A9000B891D /* SceneDelegate.swift in Sources */,
				49C396E0280706E9000B891D /* UIStoryboard+Extension.swift in Sources */,
				49C396E72807073E000B891D /* AppNavigationController.swift in Sources */,
				49C3970A2807191B000B891D /* NetworkService.swift in Sources */,
				49C396E3280706E9000B891D /* UIImageView.swift in Sources */,
				49C3971A28071979000B891D /* ListingViewControllersFactory.swift in Sources */,
				49C3972428076DB5000B891D /* ListingViewController.swift in Sources */,
				49C396C3280704A9000B891D /* AppServiceLocator.swift in Sources */,
				49C397002807084D000B891D /* ListingRowViewModel.swift in Sources */,
				49C396C2280704A9000B891D /* AppDelegate.swift in Sources */,
				49C397012807084D000B891D /* ListingTableViewCell.swift in Sources */,
				49C396DC280706E9000B891D /* UIFont+Extension.swift in Sources */,
				49C397032807084D000B891D /* ListingCoordinator.swift in Sources */,
				49C396FF2807084D000B891D /* ListingViewModel.swift in Sources */,
				49C396CD28070623000B891D /* Coordinator.swift in Sources */,
				49C397092807191B000B891D /* NetworkServiceProtocol.swift in Sources */,
				49C396DD280706E9000B891D /* UIColor+Extension.swift in Sources */,
			);
			runOnlyForDeploymentPostprocessing = 0;
		};
		49C3969A280703FD000B891D /* Sources */ = {
			isa = PBXSourcesBuildPhase;
			buildActionMask = 2147483647;
			files = (
				490CD44228078422000DDAC2 /* NetworkServiceMock.swift in Sources */,
				490CD43C280783F9000DDAC2 /* ListingUseCaseTests.swift in Sources */,
				490CD43D280783F9000DDAC2 /* ListingViewModelTests.swift in Sources */,
				490CD44328078422000DDAC2 /* ListingUseCaseMock.swift in Sources */,
				490CD44428078422000DDAC2 /* ListingNavigatorMock.swift in Sources */,
			);
			runOnlyForDeploymentPostprocessing = 0;
		};
		49C396A4280703FD000B891D /* Sources */ = {
			isa = PBXSourcesBuildPhase;
			buildActionMask = 2147483647;
			files = (
				49C396AD280703FD000B891D /* MobileChallengeSPUITests.swift in Sources */,
				49C396AF280703FD000B891D /* MobileChallengeSPUITestsLaunchTests.swift in Sources */,
			);
			runOnlyForDeploymentPostprocessing = 0;
		};
/* End PBXSourcesBuildPhase section */

/* Begin PBXTargetDependency section */
		49C396A0280703FD000B891D /* PBXTargetDependency */ = {
			isa = PBXTargetDependency;
			target = 49C39687280703FD000B891D /* MobileChallengeSP */;
			targetProxy = 49C3969F280703FD000B891D /* PBXContainerItemProxy */;
		};
		49C396AA280703FD000B891D /* PBXTargetDependency */ = {
			isa = PBXTargetDependency;
			target = 49C39687280703FD000B891D /* MobileChallengeSP */;
			targetProxy = 49C396A9280703FD000B891D /* PBXContainerItemProxy */;
		};
/* End PBXTargetDependency section */

/* Begin PBXVariantGroup section */
		49C39696280703FD000B891D /* LaunchScreen.storyboard */ = {
			isa = PBXVariantGroup;
			children = (
				49C39697280703FD000B891D /* Base */,
			);
			name = LaunchScreen.storyboard;
			sourceTree = "<group>";
		};
/* End PBXVariantGroup section */

/* Begin XCBuildConfiguration section */
		49C396B0280703FD000B891D /* Debug */ = {
			isa = XCBuildConfiguration;
			buildSettings = {
				ALWAYS_SEARCH_USER_PATHS = NO;
				CLANG_ANALYZER_NONNULL = YES;
				CLANG_ANALYZER_NUMBER_OBJECT_CONVERSION = YES_AGGRESSIVE;
				CLANG_CXX_LANGUAGE_STANDARD = "gnu++17";
				CLANG_ENABLE_MODULES = YES;
				CLANG_ENABLE_OBJC_ARC = YES;
				CLANG_ENABLE_OBJC_WEAK = YES;
				CLANG_WARN_BLOCK_CAPTURE_AUTORELEASING = YES;
				CLANG_WARN_BOOL_CONVERSION = YES;
				CLANG_WARN_COMMA = YES;
				CLANG_WARN_CONSTANT_CONVERSION = YES;
				CLANG_WARN_DEPRECATED_OBJC_IMPLEMENTATIONS = YES;
				CLANG_WARN_DIRECT_OBJC_ISA_USAGE = YES_ERROR;
				CLANG_WARN_DOCUMENTATION_COMMENTS = YES;
				CLANG_WARN_EMPTY_BODY = YES;
				CLANG_WARN_ENUM_CONVERSION = YES;
				CLANG_WARN_INFINITE_RECURSION = YES;
				CLANG_WARN_INT_CONVERSION = YES;
				CLANG_WARN_NON_LITERAL_NULL_CONVERSION = YES;
				CLANG_WARN_OBJC_IMPLICIT_RETAIN_SELF = YES;
				CLANG_WARN_OBJC_LITERAL_CONVERSION = YES;
				CLANG_WARN_OBJC_ROOT_CLASS = YES_ERROR;
				CLANG_WARN_QUOTED_INCLUDE_IN_FRAMEWORK_HEADER = YES;
				CLANG_WARN_RANGE_LOOP_ANALYSIS = YES;
				CLANG_WARN_STRICT_PROTOTYPES = YES;
				CLANG_WARN_SUSPICIOUS_MOVE = YES;
				CLANG_WARN_UNGUARDED_AVAILABILITY = YES_AGGRESSIVE;
				CLANG_WARN_UNREACHABLE_CODE = YES;
				CLANG_WARN__DUPLICATE_METHOD_MATCH = YES;
				COPY_PHASE_STRIP = NO;
				DEBUG_INFORMATION_FORMAT = dwarf;
				ENABLE_STRICT_OBJC_MSGSEND = YES;
				ENABLE_TESTABILITY = YES;
				GCC_C_LANGUAGE_STANDARD = gnu11;
				GCC_DYNAMIC_NO_PIC = NO;
				GCC_NO_COMMON_BLOCKS = YES;
				GCC_OPTIMIZATION_LEVEL = 0;
				GCC_PREPROCESSOR_DEFINITIONS = (
					"DEBUG=1",
					"$(inherited)",
				);
				GCC_WARN_64_TO_32_BIT_CONVERSION = YES;
				GCC_WARN_ABOUT_RETURN_TYPE = YES_ERROR;
				GCC_WARN_UNDECLARED_SELECTOR = YES;
				GCC_WARN_UNINITIALIZED_AUTOS = YES_AGGRESSIVE;
				GCC_WARN_UNUSED_FUNCTION = YES;
				GCC_WARN_UNUSED_VARIABLE = YES;
				IPHONEOS_DEPLOYMENT_TARGET = 15.4;
				MTL_ENABLE_DEBUG_INFO = INCLUDE_SOURCE;
				MTL_FAST_MATH = YES;
				ONLY_ACTIVE_ARCH = YES;
				SDKROOT = iphoneos;
				SWIFT_ACTIVE_COMPILATION_CONDITIONS = DEBUG;
				SWIFT_OPTIMIZATION_LEVEL = "-Onone";
			};
			name = Debug;
		};
		49C396B1280703FD000B891D /* Release */ = {
			isa = XCBuildConfiguration;
			buildSettings = {
				ALWAYS_SEARCH_USER_PATHS = NO;
				CLANG_ANALYZER_NONNULL = YES;
				CLANG_ANALYZER_NUMBER_OBJECT_CONVERSION = YES_AGGRESSIVE;
				CLANG_CXX_LANGUAGE_STANDARD = "gnu++17";
				CLANG_ENABLE_MODULES = YES;
				CLANG_ENABLE_OBJC_ARC = YES;
				CLANG_ENABLE_OBJC_WEAK = YES;
				CLANG_WARN_BLOCK_CAPTURE_AUTORELEASING = YES;
				CLANG_WARN_BOOL_CONVERSION = YES;
				CLANG_WARN_COMMA = YES;
				CLANG_WARN_CONSTANT_CONVERSION = YES;
				CLANG_WARN_DEPRECATED_OBJC_IMPLEMENTATIONS = YES;
				CLANG_WARN_DIRECT_OBJC_ISA_USAGE = YES_ERROR;
				CLANG_WARN_DOCUMENTATION_COMMENTS = YES;
				CLANG_WARN_EMPTY_BODY = YES;
				CLANG_WARN_ENUM_CONVERSION = YES;
				CLANG_WARN_INFINITE_RECURSION = YES;
				CLANG_WARN_INT_CONVERSION = YES;
				CLANG_WARN_NON_LITERAL_NULL_CONVERSION = YES;
				CLANG_WARN_OBJC_IMPLICIT_RETAIN_SELF = YES;
				CLANG_WARN_OBJC_LITERAL_CONVERSION = YES;
				CLANG_WARN_OBJC_ROOT_CLASS = YES_ERROR;
				CLANG_WARN_QUOTED_INCLUDE_IN_FRAMEWORK_HEADER = YES;
				CLANG_WARN_RANGE_LOOP_ANALYSIS = YES;
				CLANG_WARN_STRICT_PROTOTYPES = YES;
				CLANG_WARN_SUSPICIOUS_MOVE = YES;
				CLANG_WARN_UNGUARDED_AVAILABILITY = YES_AGGRESSIVE;
				CLANG_WARN_UNREACHABLE_CODE = YES;
				CLANG_WARN__DUPLICATE_METHOD_MATCH = YES;
				COPY_PHASE_STRIP = NO;
				DEBUG_INFORMATION_FORMAT = "dwarf-with-dsym";
				ENABLE_NS_ASSERTIONS = NO;
				ENABLE_STRICT_OBJC_MSGSEND = YES;
				GCC_C_LANGUAGE_STANDARD = gnu11;
				GCC_NO_COMMON_BLOCKS = YES;
				GCC_WARN_64_TO_32_BIT_CONVERSION = YES;
				GCC_WARN_ABOUT_RETURN_TYPE = YES_ERROR;
				GCC_WARN_UNDECLARED_SELECTOR = YES;
				GCC_WARN_UNINITIALIZED_AUTOS = YES_AGGRESSIVE;
				GCC_WARN_UNUSED_FUNCTION = YES;
				GCC_WARN_UNUSED_VARIABLE = YES;
				IPHONEOS_DEPLOYMENT_TARGET = 15.4;
				MTL_ENABLE_DEBUG_INFO = NO;
				MTL_FAST_MATH = YES;
				SDKROOT = iphoneos;
				SWIFT_COMPILATION_MODE = wholemodule;
				SWIFT_OPTIMIZATION_LEVEL = "-O";
				VALIDATE_PRODUCT = YES;
			};
			name = Release;
		};
		49C396B3280703FD000B891D /* Debug */ = {
			isa = XCBuildConfiguration;
			buildSettings = {
				ASSETCATALOG_COMPILER_APPICON_NAME = AppIcon;
				ASSETCATALOG_COMPILER_GLOBAL_ACCENT_COLOR_NAME = AccentColor;
				CODE_SIGN_STYLE = Automatic;
				CURRENT_PROJECT_VERSION = 1;
				GENERATE_INFOPLIST_FILE = YES;
				INFOPLIST_FILE = MobileChallengeSP/Info.plist;
				INFOPLIST_KEY_UIApplicationSupportsIndirectInputEvents = YES;
				INFOPLIST_KEY_UILaunchStoryboardName = LaunchScreen;
				INFOPLIST_KEY_UISupportedInterfaceOrientations_iPad = "UIInterfaceOrientationPortrait UIInterfaceOrientationPortraitUpsideDown UIInterfaceOrientationLandscapeLeft UIInterfaceOrientationLandscapeRight";
				INFOPLIST_KEY_UISupportedInterfaceOrientations_iPhone = "UIInterfaceOrientationPortrait UIInterfaceOrientationLandscapeLeft UIInterfaceOrientationLandscapeRight";
				LD_RUNPATH_SEARCH_PATHS = (
					"$(inherited)",
					"@executable_path/Frameworks",
				);
				MARKETING_VERSION = 1.0;
				PRODUCT_BUNDLE_IDENTIFIER = com.sadapay.MobileChallengeSP;
				PRODUCT_NAME = "$(TARGET_NAME)";
				SWIFT_EMIT_LOC_STRINGS = YES;
				SWIFT_VERSION = 5.0;
				TARGETED_DEVICE_FAMILY = 1;
			};
			name = Debug;
		};
		49C396B4280703FD000B891D /* Release */ = {
			isa = XCBuildConfiguration;
			buildSettings = {
				ASSETCATALOG_COMPILER_APPICON_NAME = AppIcon;
				ASSETCATALOG_COMPILER_GLOBAL_ACCENT_COLOR_NAME = AccentColor;
				CODE_SIGN_STYLE = Automatic;
				CURRENT_PROJECT_VERSION = 1;
				GENERATE_INFOPLIST_FILE = YES;
				INFOPLIST_FILE = MobileChallengeSP/Info.plist;
				INFOPLIST_KEY_UIApplicationSupportsIndirectInputEvents = YES;
				INFOPLIST_KEY_UILaunchStoryboardName = LaunchScreen;
				INFOPLIST_KEY_UISupportedInterfaceOrientations_iPad = "UIInterfaceOrientationPortrait UIInterfaceOrientationPortraitUpsideDown UIInterfaceOrientationLandscapeLeft UIInterfaceOrientationLandscapeRight";
				INFOPLIST_KEY_UISupportedInterfaceOrientations_iPhone = "UIInterfaceOrientationPortrait UIInterfaceOrientationLandscapeLeft UIInterfaceOrientationLandscapeRight";
				LD_RUNPATH_SEARCH_PATHS = (
					"$(inherited)",
					"@executable_path/Frameworks",
				);
				MARKETING_VERSION = 1.0;
				PRODUCT_BUNDLE_IDENTIFIER = com.sadapay.MobileChallengeSP;
				PRODUCT_NAME = "$(TARGET_NAME)";
				SWIFT_EMIT_LOC_STRINGS = YES;
				SWIFT_VERSION = 5.0;
				TARGETED_DEVICE_FAMILY = 1;
			};
			name = Release;
		};
		49C396B6280703FD000B891D /* Debug */ = {
			isa = XCBuildConfiguration;
			buildSettings = {
				ALWAYS_EMBED_SWIFT_STANDARD_LIBRARIES = YES;
				BUNDLE_LOADER = "$(TEST_HOST)";
				CODE_SIGN_STYLE = Automatic;
				CURRENT_PROJECT_VERSION = 1;
				GENERATE_INFOPLIST_FILE = YES;
				IPHONEOS_DEPLOYMENT_TARGET = 15.4;
				MARKETING_VERSION = 1.0;
				PRODUCT_BUNDLE_IDENTIFIER = com.sadapay.MobileChallengeSPTests;
				PRODUCT_NAME = "$(TARGET_NAME)";
				SWIFT_EMIT_LOC_STRINGS = NO;
				SWIFT_VERSION = 5.0;
				TARGETED_DEVICE_FAMILY = "1,2";
				TEST_HOST = "$(BUILT_PRODUCTS_DIR)/MobileChallengeSP.app/MobileChallengeSP";
			};
			name = Debug;
		};
		49C396B7280703FD000B891D /* Release */ = {
			isa = XCBuildConfiguration;
			buildSettings = {
				ALWAYS_EMBED_SWIFT_STANDARD_LIBRARIES = YES;
				BUNDLE_LOADER = "$(TEST_HOST)";
				CODE_SIGN_STYLE = Automatic;
				CURRENT_PROJECT_VERSION = 1;
				GENERATE_INFOPLIST_FILE = YES;
				IPHONEOS_DEPLOYMENT_TARGET = 15.4;
				MARKETING_VERSION = 1.0;
				PRODUCT_BUNDLE_IDENTIFIER = com.sadapay.MobileChallengeSPTests;
				PRODUCT_NAME = "$(TARGET_NAME)";
				SWIFT_EMIT_LOC_STRINGS = NO;
				SWIFT_VERSION = 5.0;
				TARGETED_DEVICE_FAMILY = "1,2";
				TEST_HOST = "$(BUILT_PRODUCTS_DIR)/MobileChallengeSP.app/MobileChallengeSP";
			};
			name = Release;
		};
		49C396B9280703FD000B891D /* Debug */ = {
			isa = XCBuildConfiguration;
			buildSettings = {
				ALWAYS_EMBED_SWIFT_STANDARD_LIBRARIES = YES;
				CODE_SIGN_STYLE = Automatic;
				CURRENT_PROJECT_VERSION = 1;
				GENERATE_INFOPLIST_FILE = YES;
				MARKETING_VERSION = 1.0;
				PRODUCT_BUNDLE_IDENTIFIER = com.sadapay.MobileChallengeSPUITests;
				PRODUCT_NAME = "$(TARGET_NAME)";
				SWIFT_EMIT_LOC_STRINGS = NO;
				SWIFT_VERSION = 5.0;
				TARGETED_DEVICE_FAMILY = "1,2";
				TEST_TARGET_NAME = MobileChallengeSP;
			};
			name = Debug;
		};
		49C396BA280703FD000B891D /* Release */ = {
			isa = XCBuildConfiguration;
			buildSettings = {
				ALWAYS_EMBED_SWIFT_STANDARD_LIBRARIES = YES;
				CODE_SIGN_STYLE = Automatic;
				CURRENT_PROJECT_VERSION = 1;
				GENERATE_INFOPLIST_FILE = YES;
				MARKETING_VERSION = 1.0;
				PRODUCT_BUNDLE_IDENTIFIER = com.sadapay.MobileChallengeSPUITests;
				PRODUCT_NAME = "$(TARGET_NAME)";
				SWIFT_EMIT_LOC_STRINGS = NO;
				SWIFT_VERSION = 5.0;
				TARGETED_DEVICE_FAMILY = "1,2";
				TEST_TARGET_NAME = MobileChallengeSP;
			};
			name = Release;
		};
/* End XCBuildConfiguration section */

/* Begin XCConfigurationList section */
		49C39683280703FD000B891D /* Build configuration list for PBXProject "MobileChallengeSP" */ = {
			isa = XCConfigurationList;
			buildConfigurations = (
				49C396B0280703FD000B891D /* Debug */,
				49C396B1280703FD000B891D /* Release */,
			);
			defaultConfigurationIsVisible = 0;
			defaultConfigurationName = Release;
		};
		49C396B2280703FD000B891D /* Build configuration list for PBXNativeTarget "MobileChallengeSP" */ = {
			isa = XCConfigurationList;
			buildConfigurations = (
				49C396B3280703FD000B891D /* Debug */,
				49C396B4280703FD000B891D /* Release */,
			);
			defaultConfigurationIsVisible = 0;
			defaultConfigurationName = Release;
		};
		49C396B5280703FD000B891D /* Build configuration list for PBXNativeTarget "MobileChallengeSPTests" */ = {
			isa = XCConfigurationList;
			buildConfigurations = (
				49C396B6280703FD000B891D /* Debug */,
				49C396B7280703FD000B891D /* Release */,
			);
			defaultConfigurationIsVisible = 0;
			defaultConfigurationName = Release;
		};
		49C396B8280703FD000B891D /* Build configuration list for PBXNativeTarget "MobileChallengeSPUITests" */ = {
			isa = XCConfigurationList;
			buildConfigurations = (
				49C396B9280703FD000B891D /* Debug */,
				49C396BA280703FD000B891D /* Release */,
			);
			defaultConfigurationIsVisible = 0;
			defaultConfigurationName = Release;
		};
/* End XCConfigurationList section */

/* Begin XCRemoteSwiftPackageReference section */
		4929C90A28085CBD00D17161 /* XCRemoteSwiftPackageReference "lottie-ios" */ = {
			isa = XCRemoteSwiftPackageReference;
			repositoryURL = "https://github.com/airbnb/lottie-ios.git";
			requirement = {
				kind = exactVersion;
				version = 3.2.1;
			};
		};
		49C3971D28071DFD000B891D /* XCRemoteSwiftPackageReference "SDWebImage" */ = {
			isa = XCRemoteSwiftPackageReference;
			repositoryURL = "https://github.com/SDWebImage/SDWebImage";
			requirement = {
				kind = upToNextMajorVersion;
				minimumVersion = 5.0.0;
			};
		};
		49C3972028076B7B000B891D /* XCRemoteSwiftPackageReference "SkeletonView" */ = {
			isa = XCRemoteSwiftPackageReference;
			repositoryURL = "https://github.com/Juanpe/SkeletonView.git";
			requirement = {
				kind = upToNextMajorVersion;
				minimumVersion = 1.0.0;
			};
		};
/* End XCRemoteSwiftPackageReference section */

/* Begin XCSwiftPackageProductDependency section */
		4929C90B28085CBD00D17161 /* Lottie */ = {
			isa = XCSwiftPackageProductDependency;
			package = 4929C90A28085CBD00D17161 /* XCRemoteSwiftPackageReference "lottie-ios" */;
			productName = Lottie;
		};
		49C3971E28071DFD000B891D /* SDWebImage */ = {
			isa = XCSwiftPackageProductDependency;
			package = 49C3971D28071DFD000B891D /* XCRemoteSwiftPackageReference "SDWebImage" */;
			productName = SDWebImage;
		};
		49C3972128076B7B000B891D /* SkeletonView */ = {
			isa = XCSwiftPackageProductDependency;
			package = 49C3972028076B7B000B891D /* XCRemoteSwiftPackageReference "SkeletonView" */;
			productName = SkeletonView;
		};
/* End XCSwiftPackageProductDependency section */
	};
	rootObject = 49C39680280703FD000B891D /* Project object */;
}
